
Microsoft Visual Studio Solution File, Format Version 12.00
# Visual Studio Version 17
VisualStudioVersion = 17.0.31903.59
MinimumVisualStudioVersion = 10.0.40219.1
Project("{FAE04EC0-301F-11D3-BF4B-00C04F79EFBC}") = "streetsignal-api", "streetsignal-api.csproj", "{2EF54E52-01DD-409F-8852-EB551D4BB611}"
EndProject
Project("{FAE04EC0-301F-11D3-BF4B-00C04F79EFBC}") = "streetsignal-api.UnitTests", "UnitTests\streetsignal-api.UnitTests.csproj", "{5540BF5C-4566-4ACB-A7F7-8A2F395801DA}"
EndProject
Project("{FAE04EC0-301F-11D3-BF4B-00C04F79EFBC}") = "streetsignal-api.IntegrationTests", "IntegrationTests\streetsignal-api.IntegrationTests.csproj", "{64DAF004-68A2-4678-9C8F-5622B12F8D5B}"
EndProject
Global
	GlobalSection(SolutionConfigurationPlatforms) = preSolution
		Debug|Any CPU = Debug|Any CPU
		Release|Any CPU = Release|Any CPU
	EndGlobalSection
	GlobalSection(SolutionProperties) = preSolution
		HideSolutionNode = FALSE
	EndGlobalSection
	GlobalSection(ProjectConfigurationPlatforms) = postSolution
		{2EF54E52-01DD-409F-8852-EB551D4BB611}.Debug|Any CPU.ActiveCfg = Debug|Any CPU
		{2EF54E52-01DD-409F-8852-EB551D4BB611}.Debug|Any CPU.Build.0 = Debug|Any CPU
		{2EF54E52-01DD-409F-8852-EB551D4BB611}.Release|Any CPU.ActiveCfg = Release|Any CPU
		{2EF54E52-01DD-409F-8852-EB551D4BB611}.Release|Any CPU.Build.0 = Release|Any CPU
		{5540BF5C-4566-4ACB-A7F7-8A2F395801DA}.Debug|Any CPU.ActiveCfg = Debug|Any CPU
		{5540BF5C-4566-4ACB-A7F7-8A2F395801DA}.Debug|Any CPU.Build.0 = Debug|Any CPU
		{5540BF5C-4566-4ACB-A7F7-8A2F395801DA}.Release|Any CPU.ActiveCfg = Release|Any CPU
		{5540BF5C-4566-4ACB-A7F7-8A2F395801DA}.Release|Any CPU.Build.0 = Release|Any CPU
		{64DAF004-68A2-4678-9C8F-5622B12F8D5B}.Debug|Any CPU.ActiveCfg = Debug|Any CPU
		{64DAF004-68A2-4678-9C8F-5622B12F8D5B}.Debug|Any CPU.Build.0 = Debug|Any CPU
		{64DAF004-68A2-4678-9C8F-5622B12F8D5B}.Release|Any CPU.ActiveCfg = Release|Any CPU
		{64DAF004-68A2-4678-9C8F-5622B12F8D5B}.Release|Any CPU.Build.0 = Release|Any CPU
	EndGlobalSection
EndGlobal
